
Microsoft Visual Studio Solution File, Format Version 12.00
# Visual Studio 14
VisualStudioVersion = 14.0.24627.0
MinimumVisualStudioVersion = 10.0.40219.1
Project("{FAE04EC0-301F-11D3-BF4B-00C04F79EFBC}") = "Game1", "Game1\Game1.csproj", "{B2A4D57D-7B41-4A9D-824C-CFC9640A7660}"
EndProject
Project("{FAE04EC0-301F-11D3-BF4B-00C04F79EFBC}") = "Lib", "Lib\Lib.csproj", "{EFF56011-8A02-4060-ABF5-5B829A253D7E}"
EndProject
Project("{FAE04EC0-301F-11D3-BF4B-00C04F79EFBC}") = "ConsoleApplication1", "ConsoleApplication1\ConsoleApplication1.csproj", "{7601258D-C4EF-41F8-A26A-7E63D0D8E1AB}"
EndProject
Global
	GlobalSection(SolutionConfigurationPlatforms) = preSolution
		Debug|Any CPU = Debug|Any CPU
		Debug|x86 = Debug|x86
		Release|Any CPU = Release|Any CPU
		Release|x86 = Release|x86
	EndGlobalSection
	GlobalSection(ProjectConfigurationPlatforms) = postSolution
		{B2A4D57D-7B41-4A9D-824C-CFC9640A7660}.Debug|Any CPU.ActiveCfg = Debug|x86
		{B2A4D57D-7B41-4A9D-824C-CFC9640A7660}.Debug|x86.ActiveCfg = Debug|x86
		{B2A4D57D-7B41-4A9D-824C-CFC9640A7660}.Debug|x86.Build.0 = Debug|x86
		{B2A4D57D-7B41-4A9D-824C-CFC9640A7660}.Release|Any CPU.ActiveCfg = Release|x86
		{B2A4D57D-7B41-4A9D-824C-CFC9640A7660}.Release|x86.ActiveCfg = Release|x86
		{B2A4D57D-7B41-4A9D-824C-CFC9640A7660}.Release|x86.Build.0 = Release|x86
		{EFF56011-8A02-4060-ABF5-5B829A253D7E}.Debug|Any CPU.ActiveCfg = Debug|Any CPU
		{EFF56011-8A02-4060-ABF5-5B829A253D7E}.Debug|Any CPU.Build.0 = Debug|Any CPU
		{EFF56011-8A02-4060-ABF5-5B829A253D7E}.Debug|x86.ActiveCfg = Debug|Any CPU
		{EFF56011-8A02-4060-ABF5-5B829A253D7E}.Debug|x86.Build.0 = Debug|Any CPU
		{EFF56011-8A02-4060-ABF5-5B829A253D7E}.Release|Any CPU.ActiveCfg = Release|Any CPU
		{EFF56011-8A02-4060-ABF5-5B829A253D7E}.Release|Any CPU.Build.0 = Release|Any CPU
		{EFF56011-8A02-4060-ABF5-5B829A253D7E}.Release|x86.ActiveCfg = Release|Any CPU
		{EFF56011-8A02-4060-ABF5-5B829A253D7E}.Release|x86.Build.0 = Release|Any CPU
		{7601258D-C4EF-41F8-A26A-7E63D0D8E1AB}.Debug|Any CPU.ActiveCfg = Debug|Any CPU
		{7601258D-C4EF-41F8-A26A-7E63D0D8E1AB}.Debug|Any CPU.Build.0 = Debug|Any CPU
		{7601258D-C4EF-41F8-A26A-7E63D0D8E1AB}.Debug|x86.ActiveCfg = Debug|Any CPU
		{7601258D-C4EF-41F8-A26A-7E63D0D8E1AB}.Debug|x86.Build.0 = Debug|Any CPU
		{7601258D-C4EF-41F8-A26A-7E63D0D8E1AB}.Release|Any CPU.ActiveCfg = Release|Any CPU
		{7601258D-C4EF-41F8-A26A-7E63D0D8E1AB}.Release|Any CPU.Build.0 = Release|Any CPU
		{7601258D-C4EF-41F8-A26A-7E63D0D8E1AB}.Release|x86.ActiveCfg = Release|Any CPU
		{7601258D-C4EF-41F8-A26A-7E63D0D8E1AB}.Release|x86.Build.0 = Release|Any CPU
	EndGlobalSection
	GlobalSection(SolutionProperties) = preSolution
		HideSolutionNode = FALSE
	EndGlobalSection
EndGlobal
